
Microsoft Visual Studio Solution File, Format Version 12.00
# Visual Studio Version 16
VisualStudioVersion = 16.0.31613.86
MinimumVisualStudioVersion = 10.0.40219.1
Project("{FAE04EC0-301F-11D3-BF4B-00C04F79EFBC}") = "ProyectoIntegradorPA", "ProyectoIntegradorPA\ProyectoIntegradorPA.csproj", "{F1F520DB-D66B-4341-8C44-BBD43D3420F9}"
EndProject
Project("{FAE04EC0-301F-11D3-BF4B-00C04F79EFBC}") = "Modelo", "Modelo\Modelo.csproj", "{C449FDC6-0C7C-4F26-847D-3458B40B531B}"
EndProject
Project("{FAE04EC0-301F-11D3-BF4B-00C04F79EFBC}") = "Vista", "Vista\Vista.csproj", "{982FFEB9-65CD-4735-A0FC-CE6EA6BDA0F5}"
EndProject
Project("{FAE04EC0-301F-11D3-BF4B-00C04F79EFBC}") = "Controlador", "Controlador\Controlador.csproj", "{5B9D6572-9A69-44D6-82DE-F24F7294AEDE}"
EndProject
Global
	GlobalSection(SolutionConfigurationPlatforms) = preSolution
		Debug|Any CPU = Debug|Any CPU
		Release|Any CPU = Release|Any CPU
	EndGlobalSection
	GlobalSection(ProjectConfigurationPlatforms) = postSolution
		{F1F520DB-D66B-4341-8C44-BBD43D3420F9}.Debug|Any CPU.ActiveCfg = Debug|Any CPU
		{F1F520DB-D66B-4341-8C44-BBD43D3420F9}.Debug|Any CPU.Build.0 = Debug|Any CPU
		{F1F520DB-D66B-4341-8C44-BBD43D3420F9}.Release|Any CPU.ActiveCfg = Release|Any CPU
		{F1F520DB-D66B-4341-8C44-BBD43D3420F9}.Release|Any CPU.Build.0 = Release|Any CPU
		{C449FDC6-0C7C-4F26-847D-3458B40B531B}.Debug|Any CPU.ActiveCfg = Debug|Any CPU
		{C449FDC6-0C7C-4F26-847D-3458B40B531B}.Debug|Any CPU.Build.0 = Debug|Any CPU
		{C449FDC6-0C7C-4F26-847D-3458B40B531B}.Release|Any CPU.ActiveCfg = Release|Any CPU
		{C449FDC6-0C7C-4F26-847D-3458B40B531B}.Release|Any CPU.Build.0 = Release|Any CPU
		{982FFEB9-65CD-4735-A0FC-CE6EA6BDA0F5}.Debug|Any CPU.ActiveCfg = Debug|Any CPU
		{982FFEB9-65CD-4735-A0FC-CE6EA6BDA0F5}.Debug|Any CPU.Build.0 = Debug|Any CPU
		{982FFEB9-65CD-4735-A0FC-CE6EA6BDA0F5}.Release|Any CPU.ActiveCfg = Release|Any CPU
		{982FFEB9-65CD-4735-A0FC-CE6EA6BDA0F5}.Release|Any CPU.Build.0 = Release|Any CPU
		{5B9D6572-9A69-44D6-82DE-F24F7294AEDE}.Debug|Any CPU.ActiveCfg = Debug|Any CPU
		{5B9D6572-9A69-44D6-82DE-F24F7294AEDE}.Debug|Any CPU.Build.0 = Debug|Any CPU
		{5B9D6572-9A69-44D6-82DE-F24F7294AEDE}.Release|Any CPU.ActiveCfg = Release|Any CPU
		{5B9D6572-9A69-44D6-82DE-F24F7294AEDE}.Release|Any CPU.Build.0 = Release|Any CPU
	EndGlobalSection
	GlobalSection(SolutionProperties) = preSolution
		HideSolutionNode = FALSE
	EndGlobalSection
	GlobalSection(ExtensibilityGlobals) = postSolution
		SolutionGuid = {FEDD1097-5F01-456D-AA43-C66C5CB732DD}
	EndGlobalSection
EndGlobal
